
Microsoft Visual Studio Solution File, Format Version 12.00
# Visual Studio Version 16
VisualStudioVersion = 16.0.29613.14
MinimumVisualStudioVersion = 10.0.40219.1
Project("{9A19103F-16F7-4668-BE54-9A1E7A4F7556}") = "CrossProtectedData", "CrossProtectedData\CrossProtectedData.csproj", "{4A7D6194-B02A-439E-9ACE-9D9B476271D6}"
EndProject
Project("{FAE04EC0-301F-11D3-BF4B-00C04F79EFBC}") = "CrossProtectedTesting", "CrossProtectedTesting\CrossProtectedTesting.csproj", "{9D05A3B8-1BF0-4574-9CAE-2726CA1F4FA7}"
EndProject
Project("{FAE04EC0-301F-11D3-BF4B-00C04F79EFBC}") = "CrossProtectedExample", "CrossProtectedExample\CrossProtectedExample.csproj", "{DAF57489-C0D1-450E-8701-3A40A09C8A9E}"
EndProject
Global
	GlobalSection(SolutionConfigurationPlatforms) = preSolution
		Debug|Any CPU = Debug|Any CPU
		Release|Any CPU = Release|Any CPU
	EndGlobalSection
	GlobalSection(ProjectConfigurationPlatforms) = postSolution
		{4A7D6194-B02A-439E-9ACE-9D9B476271D6}.Debug|Any CPU.ActiveCfg = Debug|Any CPU
		{4A7D6194-B02A-439E-9ACE-9D9B476271D6}.Debug|Any CPU.Build.0 = Debug|Any CPU
		{4A7D6194-B02A-439E-9ACE-9D9B476271D6}.Release|Any CPU.ActiveCfg = Release|Any CPU
		{4A7D6194-B02A-439E-9ACE-9D9B476271D6}.Release|Any CPU.Build.0 = Release|Any CPU
		{9D05A3B8-1BF0-4574-9CAE-2726CA1F4FA7}.Debug|Any CPU.ActiveCfg = Debug|Any CPU
		{9D05A3B8-1BF0-4574-9CAE-2726CA1F4FA7}.Debug|Any CPU.Build.0 = Debug|Any CPU
		{9D05A3B8-1BF0-4574-9CAE-2726CA1F4FA7}.Release|Any CPU.ActiveCfg = Release|Any CPU
		{9D05A3B8-1BF0-4574-9CAE-2726CA1F4FA7}.Release|Any CPU.Build.0 = Release|Any CPU
		{DAF57489-C0D1-450E-8701-3A40A09C8A9E}.Debug|Any CPU.ActiveCfg = Debug|Any CPU
		{DAF57489-C0D1-450E-8701-3A40A09C8A9E}.Debug|Any CPU.Build.0 = Debug|Any CPU
		{DAF57489-C0D1-450E-8701-3A40A09C8A9E}.Release|Any CPU.ActiveCfg = Release|Any CPU
		{DAF57489-C0D1-450E-8701-3A40A09C8A9E}.Release|Any CPU.Build.0 = Release|Any CPU
	EndGlobalSection
	GlobalSection(SolutionProperties) = preSolution
		HideSolutionNode = FALSE
	EndGlobalSection
	GlobalSection(ExtensibilityGlobals) = postSolution
		SolutionGuid = {DE945A67-63E7-42E8-9AFE-ACD637EEC577}
	EndGlobalSection
EndGlobal
